// !$*UTF8*$!
{
	archiveVersion = 1;
	classes = {
	};
	objectVersion = 50;
	objects = {

/* Begin PBXBuildFile section */
		A1990BFE23A343C6001779F4 /* AppDelegate.m in Sources */ = {isa = PBXBuildFile; fileRef = A1990BFD23A343C6001779F4 /* AppDelegate.m */; };
		A1990C0123A343C6001779F4 /* SceneDelegate.m in Sources */ = {isa = PBXBuildFile; fileRef = A1990C0023A343C6001779F4 /* SceneDelegate.m */; };
		A1990C0423A343C6001779F4 /* ViewController.m in Sources */ = {isa = PBXBuildFile; fileRef = A1990C0323A343C6001779F4 /* ViewController.m */; };
		A1990C0723A343C6001779F4 /* Main.storyboard in Resources */ = {isa = PBXBuildFile; fileRef = A1990C0523A343C6001779F4 /* Main.storyboard */; };
		A1990C0923A343C9001779F4 /* Assets.xcassets in Resources */ = {isa = PBXBuildFile; fileRef = A1990C0823A343C9001779F4 /* Assets.xcassets */; };
		A1990C0C23A343C9001779F4 /* LaunchScreen.storyboard in Resources */ = {isa = PBXBuildFile; fileRef = A1990C0A23A343C9001779F4 /* LaunchScreen.storyboard */; };
		A1990C0F23A343C9001779F4 /* main.m in Sources */ = {isa = PBXBuildFile; fileRef = A1990C0E23A343C9001779F4 /* main.m */; };
		A1990C1923A343C9001779F4 /* UISwitchObjCTests.m in Sources */ = {isa = PBXBuildFile; fileRef = A1990C1823A343C9001779F4 /* UISwitchObjCTests.m */; };
		A1990C2423A343C9001779F4 /* UISwitchObjCUITests.m in Sources */ = {isa = PBXBuildFile; fileRef = A1990C2323A343C9001779F4 /* UISwitchObjCUITests.m */; };
/* End PBXBuildFile section */

/* Begin PBXContainerItemProxy section */
		A1990C1523A343C9001779F4 /* PBXContainerItemProxy */ = {
			isa = PBXContainerItemProxy;
			containerPortal = A1990BF123A343C6001779F4 /* Project object */;
			proxyType = 1;
			remoteGlobalIDString = A1990BF823A343C6001779F4;
			remoteInfo = UISwitchObjC;
		};
		A1990C2023A343C9001779F4 /* PBXContainerItemProxy */ = {
			isa = PBXContainerItemProxy;
			containerPortal = A1990BF123A343C6001779F4 /* Project object */;
			proxyType = 1;
			remoteGlobalIDString = A1990BF823A343C6001779F4;
			remoteInfo = UISwitchObjC;
		};
/* End PBXContainerItemProxy section */

/* Begin PBXFileReference section */
		A1990BF923A343C6001779F4 /* UISwitchObjC.app */ = {isa = PBXFileReference; explicitFileType = wrapper.application; includeInIndex = 0; path = UISwitchObjC.app; sourceTree = BUILT_PRODUCTS_DIR; };
		A1990BFC23A343C6001779F4 /* AppDelegate.h */ = {isa = PBXFileReference; lastKnownFileType = sourcecode.c.h; path = AppDelegate.h; sourceTree = "<group>"; };
		A1990BFD23A343C6001779F4 /* AppDelegate.m */ = {isa = PBXFileReference; lastKnownFileType = sourcecode.c.objc; path = AppDelegate.m; sourceTree = "<group>"; };
		A1990BFF23A343C6001779F4 /* SceneDelegate.h */ = {isa = PBXFileReference; lastKnownFileType = sourcecode.c.h; path = SceneDelegate.h; sourceTree = "<group>"; };
		A1990C0023A343C6001779F4 /* SceneDelegate.m */ = {isa = PBXFileReference; lastKnownFileType = sourcecode.c.objc; path = SceneDelegate.m; sourceTree = "<group>"; };
		A1990C0223A343C6001779F4 /* ViewController.h */ = {isa = PBXFileReference; lastKnownFileType = sourcecode.c.h; path = ViewController.h; sourceTree = "<group>"; };
		A1990C0323A343C6001779F4 /* ViewController.m */ = {isa = PBXFileReference; lastKnownFileType = sourcecode.c.objc; path = ViewController.m; sourceTree = "<group>"; };
		A1990C0623A343C6001779F4 /* Base */ = {isa = PBXFileReference; lastKnownFileType = file.storyboard; name = Base; path = Base.lproj/Main.storyboard; sourceTree = "<group>"; };
		A1990C0823A343C9001779F4 /* Assets.xcassets */ = {isa = PBXFileReference; lastKnownFileType = folder.assetcatalog; path = Assets.xcassets; sourceTree = "<group>"; };
		A1990C0B23A343C9001779F4 /* Base */ = {isa = PBXFileReference; lastKnownFileType = file.storyboard; name = Base; path = Base.lproj/LaunchScreen.storyboard; sourceTree = "<group>"; };
		A1990C0D23A343C9001779F4 /* Info.plist */ = {isa = PBXFileReference; lastKnownFileType = text.plist.xml; path = Info.plist; sourceTree = "<group>"; };
		A1990C0E23A343C9001779F4 /* main.m */ = {isa = PBXFileReference; lastKnownFileType = sourcecode.c.objc; path = main.m; sourceTree = "<group>"; };
		A1990C1423A343C9001779F4 /* UISwitchObjCTests.xctest */ = {isa = PBXFileReference; explicitFileType = wrapper.cfbundle; includeInIndex = 0; path = UISwitchObjCTests.xctest; sourceTree = BUILT_PRODUCTS_DIR; };
		A1990C1823A343C9001779F4 /* UISwitchObjCTests.m */ = {isa = PBXFileReference; lastKnownFileType = sourcecode.c.objc; path = UISwitchObjCTests.m; sourceTree = "<group>"; };
		A1990C1A23A343C9001779F4 /* Info.plist */ = {isa = PBXFileReference; lastKnownFileType = text.plist.xml; path = Info.plist; sourceTree = "<group>"; };
		A1990C1F23A343C9001779F4 /* UISwitchObjCUITests.xctest */ = {isa = PBXFileReference; explicitFileType = wrapper.cfbundle; includeInIndex = 0; path = UISwitchObjCUITests.xctest; sourceTree = BUILT_PRODUCTS_DIR; };
		A1990C2323A343C9001779F4 /* UISwitchObjCUITests.m */ = {isa = PBXFileReference; lastKnownFileType = sourcecode.c.objc; path = UISwitchObjCUITests.m; sourceTree = "<group>"; };
		A1990C2523A343C9001779F4 /* Info.plist */ = {isa = PBXFileReference; lastKnownFileType = text.plist.xml; path = Info.plist; sourceTree = "<group>"; };
/* End PBXFileReference section */

/* Begin PBXFrameworksBuildPhase section */
		A1990BF623A343C6001779F4 /* Frameworks */ = {
			isa = PBXFrameworksBuildPhase;
			buildActionMask = 2147483647;
			files = (
			);
			runOnlyForDeploymentPostprocessing = 0;
		};
		A1990C1123A343C9001779F4 /* Frameworks */ = {
			isa = PBXFrameworksBuildPhase;
			buildActionMask = 2147483647;
			files = (
			);
			runOnlyForDeploymentPostprocessing = 0;
		};
		A1990C1C23A343C9001779F4 /* Frameworks */ = {
			isa = PBXFrameworksBuildPhase;
			buildActionMask = 2147483647;
			files = (
			);
			runOnlyForDeploymentPostprocessing = 0;
		};
/* End PBXFrameworksBuildPhase section */

/* Begin PBXGroup section */
		A1990BF023A343C6001779F4 = {
			isa = PBXGroup;
			children = (
				A1990BFB23A343C6001779F4 /* UISwitchObjC */,
				A1990C1723A343C9001779F4 /* UISwitchObjCTests */,
				A1990C2223A343C9001779F4 /* UISwitchObjCUITests */,
				A1990BFA23A343C6001779F4 /* Products */,
			);
			sourceTree = "<group>";
		};
		A1990BFA23A343C6001779F4 /* Products */ = {
			isa = PBXGroup;
			children = (
				A1990BF923A343C6001779F4 /* UISwitchObjC.app */,
				A1990C1423A343C9001779F4 /* UISwitchObjCTests.xctest */,
				A1990C1F23A343C9001779F4 /* UISwitchObjCUITests.xctest */,
			);
			name = Products;
			sourceTree = "<group>";
		};
		A1990BFB23A343C6001779F4 /* UISwitchObjC */ = {
			isa = PBXGroup;
			children = (
				A1990BFC23A343C6001779F4 /* AppDelegate.h */,
				A1990BFD23A343C6001779F4 /* AppDelegate.m */,
				A1990BFF23A343C6001779F4 /* SceneDelegate.h */,
				A1990C0023A343C6001779F4 /* SceneDelegate.m */,
				A1990C0223A343C6001779F4 /* ViewController.h */,
				A1990C0323A343C6001779F4 /* ViewController.m */,
				A1990C0523A343C6001779F4 /* Main.storyboard */,
				A1990C0823A343C9001779F4 /* Assets.xcassets */,
				A1990C0A23A343C9001779F4 /* LaunchScreen.storyboard */,
				A1990C0D23A343C9001779F4 /* Info.plist */,
				A1990C0E23A343C9001779F4 /* main.m */,
			);
			path = UISwitchObjC;
			sourceTree = "<group>";
		};
		A1990C1723A343C9001779F4 /* UISwitchObjCTests */ = {
			isa = PBXGroup;
			children = (
				A1990C1823A343C9001779F4 /* UISwitchObjCTests.m */,
				A1990C1A23A343C9001779F4 /* Info.plist */,
			);
			path = UISwitchObjCTests;
			sourceTree = "<group>";
		};
		A1990C2223A343C9001779F4 /* UISwitchObjCUITests */ = {
			isa = PBXGroup;
			children = (
				A1990C2323A343C9001779F4 /* UISwitchObjCUITests.m */,
				A1990C2523A343C9001779F4 /* Info.plist */,
			);
			path = UISwitchObjCUITests;
			sourceTree = "<group>";
		};
/* End PBXGroup section */

/* Begin PBXNativeTarget section */
		A1990BF823A343C6001779F4 /* UISwitchObjC */ = {
			isa = PBXNativeTarget;
			buildConfigurationList = A1990C2823A343C9001779F4 /* Build configuration list for PBXNativeTarget "UISwitchObjC" */;
			buildPhases = (
				A1990BF523A343C6001779F4 /* Sources */,
				A1990BF623A343C6001779F4 /* Frameworks */,
				A1990BF723A343C6001779F4 /* Resources */,
			);
			buildRules = (
			);
			dependencies = (
			);
			name = UISwitchObjC;
			productName = UISwitchObjC;
			productReference = A1990BF923A343C6001779F4 /* UISwitchObjC.app */;
			productType = "com.apple.product-type.application";
		};
		A1990C1323A343C9001779F4 /* UISwitchObjCTests */ = {
			isa = PBXNativeTarget;
			buildConfigurationList = A1990C2B23A343C9001779F4 /* Build configuration list for PBXNativeTarget "UISwitchObjCTests" */;
			buildPhases = (
				A1990C1023A343C9001779F4 /* Sources */,
				A1990C1123A343C9001779F4 /* Frameworks */,
				A1990C1223A343C9001779F4 /* Resources */,
			);
			buildRules = (
			);
			dependencies = (
				A1990C1623A343C9001779F4 /* PBXTargetDependency */,
			);
			name = UISwitchObjCTests;
			productName = UISwitchObjCTests;
			productReference = A1990C1423A343C9001779F4 /* UISwitchObjCTests.xctest */;
			productType = "com.apple.product-type.bundle.unit-test";
		};
		A1990C1E23A343C9001779F4 /* UISwitchObjCUITests */ = {
			isa = PBXNativeTarget;
			buildConfigurationList = A1990C2E23A343C9001779F4 /* Build configuration list for PBXNativeTarget "UISwitchObjCUITests" */;
			buildPhases = (
				A1990C1B23A343C9001779F4 /* Sources */,
				A1990C1C23A343C9001779F4 /* Frameworks */,
				A1990C1D23A343C9001779F4 /* Resources */,
			);
			buildRules = (
			);
			dependencies = (
				A1990C2123A343C9001779F4 /* PBXTargetDependency */,
			);
			name = UISwitchObjCUITests;
			productName = UISwitchObjCUITests;
			productReference = A1990C1F23A343C9001779F4 /* UISwitchObjCUITests.xctest */;
			productType = "com.apple.product-type.bundle.ui-testing";
		};
/* End PBXNativeTarget section */

/* Begin PBXProject section */
		A1990BF123A343C6001779F4 /* Project object */ = {
			isa = PBXProject;
			attributes = {
				LastUpgradeCheck = 1120;
				ORGANIZATIONNAME = QuentinZang;
				TargetAttributes = {
					A1990BF823A343C6001779F4 = {
						CreatedOnToolsVersion = 11.2.1;
					};
					A1990C1323A343C9001779F4 = {
						CreatedOnToolsVersion = 11.2.1;
						TestTargetID = A1990BF823A343C6001779F4;
					};
					A1990C1E23A343C9001779F4 = {
						CreatedOnToolsVersion = 11.2.1;
						TestTargetID = A1990BF823A343C6001779F4;
					};
				};
			};
			buildConfigurationList = A1990BF423A343C6001779F4 /* Build configuration list for PBXProject "UISwitchObjC" */;
			compatibilityVersion = "Xcode 9.3";
			developmentRegion = en;
			hasScannedForEncodings = 0;
			knownRegions = (
				en,
				Base,
			);
			mainGroup = A1990BF023A343C6001779F4;
			productRefGroup = A1990BFA23A343C6001779F4 /* Products */;
			projectDirPath = "";
			projectRoot = "";
			targets = (
				A1990BF823A343C6001779F4 /* UISwitchObjC */,
				A1990C1323A343C9001779F4 /* UISwitchObjCTests */,
				A1990C1E23A343C9001779F4 /* UISwitchObjCUITests */,
			);
		};
/* End PBXProject section */

/* Begin PBXResourcesBuildPhase section */
		A1990BF723A343C6001779F4 /* Resources */ = {
			isa = PBXResourcesBuildPhase;
			buildActionMask = 2147483647;
			files = (
				A1990C0C23A343C9001779F4 /* LaunchScreen.storyboard in Resources */,
				A1990C0923A343C9001779F4 /* Assets.xcassets in Resources */,
				A1990C0723A343C6001779F4 /* Main.storyboard in Resources */,
			);
			runOnlyForDeploymentPostprocessing = 0;
		};
		A1990C1223A343C9001779F4 /* Resources */ = {
			isa = PBXResourcesBuildPhase;
			buildActionMask = 2147483647;
			files = (
			);
			runOnlyForDeploymentPostprocessing = 0;
		};
		A1990C1D23A343C9001779F4 /* Resources */ = {
			isa = PBXResourcesBuildPhase;
			buildActionMask = 2147483647;
			files = (
			);
			runOnlyForDeploymentPostprocessing = 0;
		};
/* End PBXResourcesBuildPhase section */

/* Begin PBXSourcesBuildPhase section */
		A1990BF523A343C6001779F4 /* Sources */ = {
			isa = PBXSourcesBuildPhase;
			buildActionMask = 2147483647;
			files = (
				A1990C0423A343C6001779F4 /* ViewController.m in Sources */,
				A1990BFE23A343C6001779F4 /* AppDelegate.m in Sources */,
				A1990C0F23A343C9001779F4 /* main.m in Sources */,
				A1990C0123A343C6001779F4 /* SceneDelegate.m in Sources */,
			);
			runOnlyForDeploymentPostprocessing = 0;
		};
		A1990C1023A343C9001779F4 /* Sources */ = {
			isa = PBXSourcesBuildPhase;
			buildActionMask = 2147483647;
			files = (
				A1990C1923A343C9001779F4 /* UISwitchObjCTests.m in Sources */,
			);
			runOnlyForDeploymentPostprocessing = 0;
		};
		A1990C1B23A343C9001779F4 /* Sources */ = {
			isa = PBXSourcesBuildPhase;
			buildActionMask = 2147483647;
			files = (
				A1990C2423A343C9001779F4 /* UISwitchObjCUITests.m in Sources */,
			);
			runOnlyForDeploymentPostprocessing = 0;
		};
/* End PBXSourcesBuildPhase section */

/* Begin PBXTargetDependency section */
		A1990C1623A343C9001779F4 /* PBXTargetDependency */ = {
			isa = PBXTargetDependency;
			target = A1990BF823A343C6001779F4 /* UISwitchObjC */;
			targetProxy = A1990C1523A343C9001779F4 /* PBXContainerItemProxy */;
		};
		A1990C2123A343C9001779F4 /* PBXTargetDependency */ = {
			isa = PBXTargetDependency;
			target = A1990BF823A343C6001779F4 /* UISwitchObjC */;
			targetProxy = A1990C2023A343C9001779F4 /* PBXContainerItemProxy */;
		};
/* End PBXTargetDependency section */

/* Begin PBXVariantGroup section */
		A1990C0523A343C6001779F4 /* Main.storyboard */ = {
			isa = PBXVariantGroup;
			children = (
				A1990C0623A343C6001779F4 /* Base */,
			);
			name = Main.storyboard;
			sourceTree = "<group>";
		};
		A1990C0A23A343C9001779F4 /* LaunchScreen.storyboard */ = {
			isa = PBXVariantGroup;
			children = (
				A1990C0B23A343C9001779F4 /* Base */,
			);
			name = LaunchScreen.storyboard;
			sourceTree = "<group>";
		};
/* End PBXVariantGroup section */

/* Begin XCBuildConfiguration section */
		A1990C2623A343C9001779F4 /* Debug */ = {
			isa = XCBuildConfiguration;
			buildSettings = {
				ALWAYS_SEARCH_USER_PATHS = NO;
				CLANG_ANALYZER_NONNULL = YES;
				CLANG_ANALYZER_NUMBER_OBJECT_CONVERSION = YES_AGGRESSIVE;
				CLANG_CXX_LANGUAGE_STANDARD = "gnu++14";
				CLANG_CXX_LIBRARY = "libc++";
				CLANG_ENABLE_MODULES = YES;
				CLANG_ENABLE_OBJC_ARC = YES;
				CLANG_ENABLE_OBJC_WEAK = YES;
				CLANG_WARN_BLOCK_CAPTURE_AUTORELEASING = YES;
				CLANG_WARN_BOOL_CONVERSION = YES;
				CLANG_WARN_COMMA = YES;
				CLANG_WARN_CONSTANT_CONVERSION = YES;
				CLANG_WARN_DEPRECATED_OBJC_IMPLEMENTATIONS = YES;
				CLANG_WARN_DIRECT_OBJC_ISA_USAGE = YES_ERROR;
				CLANG_WARN_DOCUMENTATION_COMMENTS = YES;
				CLANG_WARN_EMPTY_BODY = YES;
				CLANG_WARN_ENUM_CONVERSION = YES;
				CLANG_WARN_INFINITE_RECURSION = YES;
				CLANG_WARN_INT_CONVERSION = YES;
				CLANG_WARN_NON_LITERAL_NULL_CONVERSION = YES;
				CLANG_WARN_OBJC_IMPLICIT_RETAIN_SELF = YES;
				CLANG_WARN_OBJC_LITERAL_CONVERSION = YES;
				CLANG_WARN_OBJC_ROOT_CLASS = YES_ERROR;
				CLANG_WARN_RANGE_LOOP_ANALYSIS = YES;
				CLANG_WARN_STRICT_PROTOTYPES = YES;
				CLANG_WARN_SUSPICIOUS_MOVE = YES;
				CLANG_WARN_UNGUARDED_AVAILABILITY = YES_AGGRESSIVE;
				CLANG_WARN_UNREACHABLE_CODE = YES;
				CLANG_WARN__DUPLICATE_METHOD_MATCH = YES;
				COPY_PHASE_STRIP = NO;
				DEBUG_INFORMATION_FORMAT = dwarf;
				ENABLE_STRICT_OBJC_MSGSEND = YES;
				ENABLE_TESTABILITY = YES;
				GCC_C_LANGUAGE_STANDARD = gnu11;
				GCC_DYNAMIC_NO_PIC = NO;
				GCC_NO_COMMON_BLOCKS = YES;
				GCC_OPTIMIZATION_LEVEL = 0;
				GCC_PREPROCESSOR_DEFINITIONS = (
					"DEBUG=1",
					"$(inherited)",
				);
				GCC_WARN_64_TO_32_BIT_CONVERSION = YES;
				GCC_WARN_ABOUT_RETURN_TYPE = YES_ERROR;
				GCC_WARN_UNDECLARED_SELECTOR = YES;
				GCC_WARN_UNINITIALIZED_AUTOS = YES_AGGRESSIVE;
				GCC_WARN_UNUSED_FUNCTION = YES;
				GCC_WARN_UNUSED_VARIABLE = YES;
				IPHONEOS_DEPLOYMENT_TARGET = 13.2;
				MTL_ENABLE_DEBUG_INFO = INCLUDE_SOURCE;
				MTL_FAST_MATH = YES;
				ONLY_ACTIVE_ARCH = YES;
				SDKROOT = iphoneos;
			};
			name = Debug;
		};
		A1990C2723A343C9001779F4 /* Release */ = {
			isa = XCBuildConfiguration;
			buildSettings = {
				ALWAYS_SEARCH_USER_PATHS = NO;
				CLANG_ANALYZER_NONNULL = YES;
				CLANG_ANALYZER_NUMBER_OBJECT_CONVERSION = YES_AGGRESSIVE;
				CLANG_CXX_LANGUAGE_STANDARD = "gnu++14";
				CLANG_CXX_LIBRARY = "libc++";
				CLANG_ENABLE_MODULES = YES;
				CLANG_ENABLE_OBJC_ARC = YES;
				CLANG_ENABLE_OBJC_WEAK = YES;
				CLANG_WARN_BLOCK_CAPTURE_AUTORELEASING = YES;
				CLANG_WARN_BOOL_CONVERSION = YES;
				CLANG_WARN_COMMA = YES;
				CLANG_WARN_CONSTANT_CONVERSION = YES;
				CLANG_WARN_DEPRECATED_OBJC_IMPLEMENTATIONS = YES;
				CLANG_WARN_DIRECT_OBJC_ISA_USAGE = YES_ERROR;
				CLANG_WARN_DOCUMENTATION_COMMENTS = YES;
				CLANG_WARN_EMPTY_BODY = YES;
				CLANG_WARN_ENUM_CONVERSION = YES;
				CLANG_WARN_INFINITE_RECURSION = YES;
				CLANG_WARN_INT_CONVERSION = YES;
				CLANG_WARN_NON_LITERAL_NULL_CONVERSION = YES;
				CLANG_WARN_OBJC_IMPLICIT_RETAIN_SELF = YES;
				CLANG_WARN_OBJC_LITERAL_CONVERSION = YES;
				CLANG_WARN_OBJC_ROOT_CLASS = YES_ERROR;
				CLANG_WARN_RANGE_LOOP_ANALYSIS = YES;
				CLANG_WARN_STRICT_PROTOTYPES = YES;
				CLANG_WARN_SUSPICIOUS_MOVE = YES;
				CLANG_WARN_UNGUARDED_AVAILABILITY = YES_AGGRESSIVE;
				CLANG_WARN_UNREACHABLE_CODE = YES;
				CLANG_WARN__DUPLICATE_METHOD_MATCH = YES;
				COPY_PHASE_STRIP = NO;
				DEBUG_INFORMATION_FORMAT = "dwarf-with-dsym";
				ENABLE_NS_ASSERTIONS = NO;
				ENABLE_STRICT_OBJC_MSGSEND = YES;
				GCC_C_LANGUAGE_STANDARD = gnu11;
				GCC_NO_COMMON_BLOCKS = YES;
				GCC_WARN_64_TO_32_BIT_CONVERSION = YES;
				GCC_WARN_ABOUT_RETURN_TYPE = YES_ERROR;
				GCC_WARN_UNDECLARED_SELECTOR = YES;
				GCC_WARN_UNINITIALIZED_AUTOS = YES_AGGRESSIVE;
				GCC_WARN_UNUSED_FUNCTION = YES;
				GCC_WARN_UNUSED_VARIABLE = YES;
				IPHONEOS_DEPLOYMENT_TARGET = 13.2;
				MTL_ENABLE_DEBUG_INFO = NO;
				MTL_FAST_MATH = YES;
				SDKROOT = iphoneos;
				VALIDATE_PRODUCT = YES;
			};
			name = Release;
		};
		A1990C2923A343C9001779F4 /* Debug */ = {
			isa = XCBuildConfiguration;
			buildSettings = {
				ASSETCATALOG_COMPILER_APPICON_NAME = AppIcon;
				CODE_SIGN_STYLE = Automatic;
				DEVELOPMENT_TEAM = GKY55PPXT6;
				INFOPLIST_FILE = UISwitchObjC/Info.plist;
				LD_RUNPATH_SEARCH_PATHS = (
					"$(inherited)",
					"@executable_path/Frameworks",
				);
				PRODUCT_BUNDLE_IDENTIFIER = com.QuentinZang.UISwitchObjC;
				PRODUCT_NAME = "$(TARGET_NAME)";
				TARGETED_DEVICE_FAMILY = "1,2";
			};
			name = Debug;
		};
		A1990C2A23A343C9001779F4 /* Release */ = {
			isa = XCBuildConfiguration;
			buildSettings = {
				ASSETCATALOG_COMPILER_APPICON_NAME = AppIcon;
				CODE_SIGN_STYLE = Automatic;
				DEVELOPMENT_TEAM = GKY55PPXT6;
				INFOPLIST_FILE = UISwitchObjC/Info.plist;
				LD_RUNPATH_SEARCH_PATHS = (
					"$(inherited)",
					"@executable_path/Frameworks",
				);
				PRODUCT_BUNDLE_IDENTIFIER = com.QuentinZang.UISwitchObjC;
				PRODUCT_NAME = "$(TARGET_NAME)";
				TARGETED_DEVICE_FAMILY = "1,2";
			};
			name = Release;
		};
		A1990C2C23A343C9001779F4 /* Debug */ = {
			isa = XCBuildConfiguration;
			buildSettings = {
				BUNDLE_LOADER = "$(TEST_HOST)";
				CODE_SIGN_STYLE = Automatic;
				DEVELOPMENT_TEAM = GKY55PPXT6;
				INFOPLIST_FILE = UISwitchObjCTests/Info.plist;
				IPHONEOS_DEPLOYMENT_TARGET = 13.2;
				LD_RUNPATH_SEARCH_PATHS = (
					"$(inherited)",
					"@executable_path/Frameworks",
					"@loader_path/Frameworks",
				);
				PRODUCT_BUNDLE_IDENTIFIER = com.QuentinZang.UISwitchObjCTests;
				PRODUCT_NAME = "$(TARGET_NAME)";
				TARGETED_DEVICE_FAMILY = "1,2";
				TEST_HOST = "$(BUILT_PRODUCTS_DIR)/UISwitchObjC.app/UISwitchObjC";
			};
			name = Debug;
		};
		A1990C2D23A343C9001779F4 /* Release */ = {
			isa = XCBuildConfiguration;
			buildSettings = {
				BUNDLE_LOADER = "$(TEST_HOST)";
				CODE_SIGN_STYLE = Automatic;
				DEVELOPMENT_TEAM = GKY55PPXT6;
				INFOPLIST_FILE = UISwitchObjCTests/Info.plist;
				IPHONEOS_DEPLOYMENT_TARGET = 13.2;
				LD_RUNPATH_SEARCH_PATHS = (
					"$(inherited)",
					"@executable_path/Frameworks",
					"@loader_path/Frameworks",
				);
				PRODUCT_BUNDLE_IDENTIFIER = com.QuentinZang.UISwitchObjCTests;
				PRODUCT_NAME = "$(TARGET_NAME)";
				TARGETED_DEVICE_FAMILY = "1,2";
				TEST_HOST = "$(BUILT_PRODUCTS_DIR)/UISwitchObjC.app/UISwitchObjC";
			};
			name = Release;
		};
		A1990C2F23A343C9001779F4 /* Debug */ = {
			isa = XCBuildConfiguration;
			buildSettings = {
				CODE_SIGN_STYLE = Automatic;
				DEVELOPMENT_TEAM = GKY55PPXT6;
				INFOPLIST_FILE = UISwitchObjCUITests/Info.plist;
				LD_RUNPATH_SEARCH_PATHS = (
					"$(inherited)",
					"@executable_path/Frameworks",
					"@loader_path/Frameworks",
				);
				PRODUCT_BUNDLE_IDENTIFIER = com.QuentinZang.UISwitchObjCUITests;
				PRODUCT_NAME = "$(TARGET_NAME)";
				TARGETED_DEVICE_FAMILY = "1,2";
				TEST_TARGET_NAME = UISwitchObjC;
			};
			name = Debug;
		};
		A1990C3023A343C9001779F4 /* Release */ = {
			isa = XCBuildConfiguration;
			buildSettings = {
				CODE_SIGN_STYLE = Automatic;
				DEVELOPMENT_TEAM = GKY55PPXT6;
				INFOPLIST_FILE = UISwitchObjCUITests/Info.plist;
				LD_RUNPATH_SEARCH_PATHS = (
					"$(inherited)",
					"@executable_path/Frameworks",
					"@loader_path/Frameworks",
				);
				PRODUCT_BUNDLE_IDENTIFIER = com.QuentinZang.UISwitchObjCUITests;
				PRODUCT_NAME = "$(TARGET_NAME)";
				TARGETED_DEVICE_FAMILY = "1,2";
				TEST_TARGET_NAME = UISwitchObjC;
			};
			name = Release;
		};
/* End XCBuildConfiguration section */

/* Begin XCConfigurationList section */
		A1990BF423A343C6001779F4 /* Build configuration list for PBXProject "UISwitchObjC" */ = {
			isa = XCConfigurationList;
			buildConfigurations = (
				A1990C2623A343C9001779F4 /* Debug */,
				A1990C2723A343C9001779F4 /* Release */,
			);
			defaultConfigurationIsVisible = 0;
			defaultConfigurationName = Release;
		};
		A1990C2823A343C9001779F4 /* Build configuration list for PBXNativeTarget "UISwitchObjC" */ = {
			isa = XCConfigurationList;
			buildConfigurations = (
				A1990C2923A343C9001779F4 /* Debug */,
				A1990C2A23A343C9001779F4 /* Release */,
			);
			defaultConfigurationIsVisible = 0;
			defaultConfigurationName = Release;
		};
		A1990C2B23A343C9001779F4 /* Build configuration list for PBXNativeTarget "UISwitchObjCTests" */ = {
			isa = XCConfigurationList;
			buildConfigurations = (
				A1990C2C23A343C9001779F4 /* Debug */,
				A1990C2D23A343C9001779F4 /* Release */,
			);
			defaultConfigurationIsVisible = 0;
			defaultConfigurationName = Release;
		};
		A1990C2E23A343C9001779F4 /* Build configuration list for PBXNativeTarget "UISwitchObjCUITests" */ = {
			isa = XCConfigurationList;
			buildConfigurations = (
				A1990C2F23A343C9001779F4 /* Debug */,
				A1990C3023A343C9001779F4 /* Release */,
			);
			defaultConfigurationIsVisible = 0;
			defaultConfigurationName = Release;
		};
/* End XCConfigurationList section */
	};
	rootObject = A1990BF123A343C6001779F4 /* Project object */;
}
